// !$*UTF8*$!
{
	archiveVersion = 1;
	classes = {
	};
	objectVersion = 48;
	objects = {

/* Begin PBXBuildFile section */
		3AFADE601FFAEC2100CFF85E /* AppDelegate.swift in Sources */ = {isa = PBXBuildFile; fileRef = 3AFADE5F1FFAEC2100CFF85E /* AppDelegate.swift */; };
		3AFADE621FFAEC2100CFF85E /* ViewController.swift in Sources */ = {isa = PBXBuildFile; fileRef = 3AFADE611FFAEC2100CFF85E /* ViewController.swift */; };
		3AFADE651FFAEC2100CFF85E /* Main.storyboard in Resources */ = {isa = PBXBuildFile; fileRef = 3AFADE631FFAEC2100CFF85E /* Main.storyboard */; };
		3AFADE671FFAEC2100CFF85E /* Assets.xcassets in Resources */ = {isa = PBXBuildFile; fileRef = 3AFADE661FFAEC2100CFF85E /* Assets.xcassets */; };
		3AFADE6A1FFAEC2100CFF85E /* LaunchScreen.storyboard in Resources */ = {isa = PBXBuildFile; fileRef = 3AFADE681FFAEC2100CFF85E /* LaunchScreen.storyboard */; };
/* End PBXBuildFile section */

/* Begin PBXFileReference section */
		3AFADE5C1FFAEC2100CFF85E /* PhotoZigChallenge.app */ = {isa = PBXFileReference; explicitFileType = wrapper.application; includeInIndex = 0; path = PhotoZigChallenge.app; sourceTree = BUILT_PRODUCTS_DIR; };
		3AFADE5F1FFAEC2100CFF85E /* AppDelegate.swift */ = {isa = PBXFileReference; lastKnownFileType = sourcecode.swift; path = AppDelegate.swift; sourceTree = "<group>"; };
		3AFADE611FFAEC2100CFF85E /* ViewController.swift */ = {isa = PBXFileReference; lastKnownFileType = sourcecode.swift; path = ViewController.swift; sourceTree = "<group>"; };
		3AFADE641FFAEC2100CFF85E /* Base */ = {isa = PBXFileReference; lastKnownFileType = file.storyboard; name = Base; path = Base.lproj/Main.storyboard; sourceTree = "<group>"; };
		3AFADE661FFAEC2100CFF85E /* Assets.xcassets */ = {isa = PBXFileReference; lastKnownFileType = folder.assetcatalog; path = Assets.xcassets; sourceTree = "<group>"; };
		3AFADE691FFAEC2100CFF85E /* Base */ = {isa = PBXFileReference; lastKnownFileType = file.storyboard; name = Base; path = Base.lproj/LaunchScreen.storyboard; sourceTree = "<group>"; };
		3AFADE6B1FFAEC2100CFF85E /* Info.plist */ = {isa = PBXFileReference; lastKnownFileType = text.plist.xml; path = Info.plist; sourceTree = "<group>"; };
/* End PBXFileReference section */

/* Begin PBXFrameworksBuildPhase section */
		3AFADE591FFAEC2100CFF85E /* Frameworks */ = {
			isa = PBXFrameworksBuildPhase;
			buildActionMask = 2147483647;
			files = (
			);
			runOnlyForDeploymentPostprocessing = 0;
		};
/* End PBXFrameworksBuildPhase section */

/* Begin PBXGroup section */
		3AFADE531FFAEC2100CFF85E = {
			isa = PBXGroup;
			children = (
				3AFADE5E1FFAEC2100CFF85E /* PhotoZigChallenge */,
				3AFADE5D1FFAEC2100CFF85E /* Products */,
			);
			sourceTree = "<group>";
		};
		3AFADE5D1FFAEC2100CFF85E /* Products */ = {
			isa = PBXGroup;
			children = (
				3AFADE5C1FFAEC2100CFF85E /* PhotoZigChallenge.app */,
			);
			name = Products;
			sourceTree = "<group>";
		};
		3AFADE5E1FFAEC2100CFF85E /* PhotoZigChallenge */ = {
			isa = PBXGroup;
			children = (
				3AFADE5F1FFAEC2100CFF85E /* AppDelegate.swift */,
				3AFADE611FFAEC2100CFF85E /* ViewController.swift */,
				3AFADE631FFAEC2100CFF85E /* Main.storyboard */,
				3AFADE661FFAEC2100CFF85E /* Assets.xcassets */,
				3AFADE681FFAEC2100CFF85E /* LaunchScreen.storyboard */,
				3AFADE6B1FFAEC2100CFF85E /* Info.plist */,
			);
			path = PhotoZigChallenge;
			sourceTree = "<group>";
		};
/* End PBXGroup section */

/* Begin PBXNativeTarget section */
		3AFADE5B1FFAEC2100CFF85E /* PhotoZigChallenge */ = {
			isa = PBXNativeTarget;
			buildConfigurationList = 3AFADE6E1FFAEC2100CFF85E /* Build configuration list for PBXNativeTarget "PhotoZigChallenge" */;
			buildPhases = (
				3AFADE581FFAEC2100CFF85E /* Sources */,
				3AFADE591FFAEC2100CFF85E /* Frameworks */,
				3AFADE5A1FFAEC2100CFF85E /* Resources */,
			);
			buildRules = (
			);
			dependencies = (
			);
			name = PhotoZigChallenge;
			productName = PhotoZigChallenge;
			productReference = 3AFADE5C1FFAEC2100CFF85E /* PhotoZigChallenge.app */;
			productType = "com.apple.product-type.application";
		};
/* End PBXNativeTarget section */

/* Begin PBXProject section */
		3AFADE541FFAEC2100CFF85E /* Project object */ = {
			isa = PBXProject;
			attributes = {
				LastSwiftUpdateCheck = 0920;
				LastUpgradeCheck = 0920;
				ORGANIZATIONNAME = Paulo;
				TargetAttributes = {
					3AFADE5B1FFAEC2100CFF85E = {
						CreatedOnToolsVersion = 9.2;
						ProvisioningStyle = Automatic;
					};
				};
			};
			buildConfigurationList = 3AFADE571FFAEC2100CFF85E /* Build configuration list for PBXProject "PhotoZigChallenge" */;
			compatibilityVersion = "Xcode 8.0";
			developmentRegion = en;
			hasScannedForEncodings = 0;
			knownRegions = (
				en,
				Base,
			);
			mainGroup = 3AFADE531FFAEC2100CFF85E;
			productRefGroup = 3AFADE5D1FFAEC2100CFF85E /* Products */;
			projectDirPath = "";
			projectRoot = "";
			targets = (
				3AFADE5B1FFAEC2100CFF85E /* PhotoZigChallenge */,
			);
		};
/* End PBXProject section */

/* Begin PBXResourcesBuildPhase section */
		3AFADE5A1FFAEC2100CFF85E /* Resources */ = {
			isa = PBXResourcesBuildPhase;
			buildActionMask = 2147483647;
			files = (
				3AFADE6A1FFAEC2100CFF85E /* LaunchScreen.storyboard in Resources */,
				3AFADE671FFAEC2100CFF85E /* Assets.xcassets in Resources */,
				3AFADE651FFAEC2100CFF85E /* Main.storyboard in Resources */,
			);
			runOnlyForDeploymentPostprocessing = 0;
		};
/* End PBXResourcesBuildPhase section */

/* Begin PBXSourcesBuildPhase section */
		3AFADE581FFAEC2100CFF85E /* Sources */ = {
			isa = PBXSourcesBuildPhase;
			buildActionMask = 2147483647;
			files = (
				3AFADE621FFAEC2100CFF85E /* ViewController.swift in Sources */,
				3AFADE601FFAEC2100CFF85E /* AppDelegate.swift in Sources */,
			);
			runOnlyForDeploymentPostprocessing = 0;
		};
/* End PBXSourcesBuildPhase section */

/* Begin PBXVariantGroup section */
		3AFADE631FFAEC2100CFF85E /* Main.storyboard */ = {
			isa = PBXVariantGroup;
			children = (
				3AFADE641FFAEC2100CFF85E /* Base */,
			);
			name = Main.storyboard;
			sourceTree = "<group>";
		};
		3AFADE681FFAEC2100CFF85E /* LaunchScreen.storyboard */ = {
			isa = PBXVariantGroup;
			children = (
				3AFADE691FFAEC2100CFF85E /* Base */,
			);
			name = LaunchScreen.storyboard;
			sourceTree = "<group>";
		};
/* End PBXVariantGroup section */

/* Begin XCBuildConfiguration section */
		3AFADE6C1FFAEC2100CFF85E /* Debug */ = {
			isa = XCBuildConfiguration;
			buildSettings = {
				ALWAYS_SEARCH_USER_PATHS = NO;
				CLANG_ANALYZER_NONNULL = YES;
				CLANG_ANALYZER_NUMBER_OBJECT_CONVERSION = YES_AGGRESSIVE;
				CLANG_CXX_LANGUAGE_STANDARD = "gnu++14";
				CLANG_CXX_LIBRARY = "libc++";
				CLANG_ENABLE_MODULES = YES;
				CLANG_ENABLE_OBJC_ARC = YES;
				CLANG_WARN_BLOCK_CAPTURE_AUTORELEASING = YES;
				CLANG_WARN_BOOL_CONVERSION = YES;
				CLANG_WARN_COMMA = YES;
				CLANG_WARN_CONSTANT_CONVERSION = YES;
				CLANG_WARN_DIRECT_OBJC_ISA_USAGE = YES_ERROR;
				CLANG_WARN_DOCUMENTATION_COMMENTS = YES;
				CLANG_WARN_EMPTY_BODY = YES;
				CLANG_WARN_ENUM_CONVERSION = YES;
				CLANG_WARN_INFINITE_RECURSION = YES;
				CLANG_WARN_INT_CONVERSION = YES;
				CLANG_WARN_NON_LITERAL_NULL_CONVERSION = YES;
				CLANG_WARN_OBJC_LITERAL_CONVERSION = YES;
				CLANG_WARN_OBJC_ROOT_CLASS = YES_ERROR;
				CLANG_WARN_RANGE_LOOP_ANALYSIS = YES;
				CLANG_WARN_STRICT_PROTOTYPES = YES;
				CLANG_WARN_SUSPICIOUS_MOVE = YES;
				CLANG_WARN_UNGUARDED_AVAILABILITY = YES_AGGRESSIVE;
				CLANG_WARN_UNREACHABLE_CODE = YES;
				CLANG_WARN__DUPLICATE_METHOD_MATCH = YES;
				CODE_SIGN_IDENTITY = "iPhone Developer";
				COPY_PHASE_STRIP = NO;
				DEBUG_INFORMATION_FORMAT = dwarf;
				ENABLE_STRICT_OBJC_MSGSEND = YES;
				ENABLE_TESTABILITY = YES;
				GCC_C_LANGUAGE_STANDARD = gnu11;
				GCC_DYNAMIC_NO_PIC = NO;
				GCC_NO_COMMON_BLOCKS = YES;
				GCC_OPTIMIZATION_LEVEL = 0;
				GCC_PREPROCESSOR_DEFINITIONS = (
					"DEBUG=1",
					"$(inherited)",
				);
				GCC_WARN_64_TO_32_BIT_CONVERSION = YES;
				GCC_WARN_ABOUT_RETURN_TYPE = YES_ERROR;
				GCC_WARN_UNDECLARED_SELECTOR = YES;
				GCC_WARN_UNINITIALIZED_AUTOS = YES_AGGRESSIVE;
				GCC_WARN_UNUSED_FUNCTION = YES;
				GCC_WARN_UNUSED_VARIABLE = YES;
				IPHONEOS_DEPLOYMENT_TARGET = 11.2;
				MTL_ENABLE_DEBUG_INFO = YES;
				ONLY_ACTIVE_ARCH = YES;
				SDKROOT = iphoneos;
				SWIFT_ACTIVE_COMPILATION_CONDITIONS = DEBUG;
				SWIFT_OPTIMIZATION_LEVEL = "-Onone";
			};
			name = Debug;
		};
		3AFADE6D1FFAEC2100CFF85E /* Release */ = {
			isa = XCBuildConfiguration;
			buildSettings = {
				ALWAYS_SEARCH_USER_PATHS = NO;
				CLANG_ANALYZER_NONNULL = YES;
				CLANG_ANALYZER_NUMBER_OBJECT_CONVERSION = YES_AGGRESSIVE;
				CLANG_CXX_LANGUAGE_STANDARD = "gnu++14";
				CLANG_CXX_LIBRARY = "libc++";
				CLANG_ENABLE_MODULES = YES;
				CLANG_ENABLE_OBJC_ARC = YES;
				CLANG_WARN_BLOCK_CAPTURE_AUTORELEASING = YES;
				CLANG_WARN_BOOL_CONVERSION = YES;
				CLANG_WARN_COMMA = YES;
				CLANG_WARN_CONSTANT_CONVERSION = YES;
				CLANG_WARN_DIRECT_OBJC_ISA_USAGE = YES_ERROR;
				CLANG_WARN_DOCUMENTATION_COMMENTS = YES;
				CLANG_WARN_EMPTY_BODY = YES;
				CLANG_WARN_ENUM_CONVERSION = YES;
				CLANG_WARN_INFINITE_RECURSION = YES;
				CLANG_WARN_INT_CONVERSION = YES;
				CLANG_WARN_NON_LITERAL_NULL_CONVERSION = YES;
				CLANG_WARN_OBJC_LITERAL_CONVERSION = YES;
				CLANG_WARN_OBJC_ROOT_CLASS = YES_ERROR;
				CLANG_WARN_RANGE_LOOP_ANALYSIS = YES;
				CLANG_WARN_STRICT_PROTOTYPES = YES;
				CLANG_WARN_SUSPICIOUS_MOVE = YES;
				CLANG_WARN_UNGUARDED_AVAILABILITY = YES_AGGRESSIVE;
				CLANG_WARN_UNREACHABLE_CODE = YES;
				CLANG_WARN__DUPLICATE_METHOD_MATCH = YES;
				CODE_SIGN_IDENTITY = "iPhone Developer";
				COPY_PHASE_STRIP = NO;
				DEBUG_INFORMATION_FORMAT = "dwarf-with-dsym";
				ENABLE_NS_ASSERTIONS = NO;
				ENABLE_STRICT_OBJC_MSGSEND = YES;
				GCC_C_LANGUAGE_STANDARD = gnu11;
				GCC_NO_COMMON_BLOCKS = YES;
				GCC_WARN_64_TO_32_BIT_CONVERSION = YES;
				GCC_WARN_ABOUT_RETURN_TYPE = YES_ERROR;
				GCC_WARN_UNDECLARED_SELECTOR = YES;
				GCC_WARN_UNINITIALIZED_AUTOS = YES_AGGRESSIVE;
				GCC_WARN_UNUSED_FUNCTION = YES;
				GCC_WARN_UNUSED_VARIABLE = YES;
				IPHONEOS_DEPLOYMENT_TARGET = 11.2;
				MTL_ENABLE_DEBUG_INFO = NO;
				SDKROOT = iphoneos;
				SWIFT_OPTIMIZATION_LEVEL = "-Owholemodule";
				VALIDATE_PRODUCT = YES;
			};
			name = Release;
		};
		3AFADE6F1FFAEC2100CFF85E /* Debug */ = {
			isa = XCBuildConfiguration;
			buildSettings = {
				ASSETCATALOG_COMPILER_APPICON_NAME = AppIcon;
				CODE_SIGN_STYLE = Automatic;
				DEVELOPMENT_TEAM = V7R5DW23MV;
				INFOPLIST_FILE = PhotoZigChallenge/Info.plist;
				LD_RUNPATH_SEARCH_PATHS = "$(inherited) @executable_path/Frameworks";
				PRODUCT_BUNDLE_IDENTIFIER = com.devpaulopereira.PhotoZigChallenge;
				PRODUCT_NAME = "$(TARGET_NAME)";
				SWIFT_VERSION = 4.0;
				TARGETED_DEVICE_FAMILY = "1,2";
			};
			name = Debug;
		};
		3AFADE701FFAEC2100CFF85E /* Release */ = {
			isa = XCBuildConfiguration;
			buildSettings = {
				ASSETCATALOG_COMPILER_APPICON_NAME = AppIcon;
				CODE_SIGN_STYLE = Automatic;
				DEVELOPMENT_TEAM = V7R5DW23MV;
				INFOPLIST_FILE = PhotoZigChallenge/Info.plist;
				LD_RUNPATH_SEARCH_PATHS = "$(inherited) @executable_path/Frameworks";
				PRODUCT_BUNDLE_IDENTIFIER = com.devpaulopereira.PhotoZigChallenge;
				PRODUCT_NAME = "$(TARGET_NAME)";
				SWIFT_VERSION = 4.0;
				TARGETED_DEVICE_FAMILY = "1,2";
			};
			name = Release;
		};
/* End XCBuildConfiguration section */

/* Begin XCConfigurationList section */
		3AFADE571FFAEC2100CFF85E /* Build configuration list for PBXProject "PhotoZigChallenge" */ = {
			isa = XCConfigurationList;
			buildConfigurations = (
				3AFADE6C1FFAEC2100CFF85E /* Debug */,
				3AFADE6D1FFAEC2100CFF85E /* Release */,
			);
			defaultConfigurationIsVisible = 0;
			defaultConfigurationName = Release;
		};
		3AFADE6E1FFAEC2100CFF85E /* Build configuration list for PBXNativeTarget "PhotoZigChallenge" */ = {
			isa = XCConfigurationList;
			buildConfigurations = (
				3AFADE6F1FFAEC2100CFF85E /* Debug */,
				3AFADE701FFAEC2100CFF85E /* Release */,
			);
			defaultConfigurationIsVisible = 0;
			defaultConfigurationName = Release;
		};
/* End XCConfigurationList section */
	};
	rootObject = 3AFADE541FFAEC2100CFF85E /* Project object */;
}
